
Microsoft Visual Studio Solution File, Format Version 12.00
# Visual Studio Version 17
VisualStudioVersion = 17.3.32901.215
MinimumVisualStudioVersion = 10.0.40219.1
Project("{9A19103F-16F7-4668-BE54-9A1E7A4F7556}") = "StockTickerServer", "StockTickerServer\StockTickerServer.csproj", "{38082303-B223-45DA-ADE4-8442234390C1}"
EndProject
Project("{9A19103F-16F7-4668-BE54-9A1E7A4F7556}") = "StockerTickerCsharpClient", "..\StockerTickerCsharpClient\StockerTickerCsharpClient.csproj", "{93BE4F6E-0A2D-4CBD-9ABD-AA38A54B0FD6}"
EndProject
Project("{FAE04EC0-301F-11D3-BF4B-00C04F79EFBC}") = "StockTickerTests", "..\StockTickerTests\StockTickerTests.csproj", "{F7893C22-4464-40AC-89E6-ABB62A499DDA}"
EndProject
Global
	GlobalSection(SolutionConfigurationPlatforms) = preSolution
		Debug|Any CPU = Debug|Any CPU
		Release|Any CPU = Release|Any CPU
	EndGlobalSection
	GlobalSection(ProjectConfigurationPlatforms) = postSolution
		{38082303-B223-45DA-ADE4-8442234390C1}.Debug|Any CPU.ActiveCfg = Debug|Any CPU
		{38082303-B223-45DA-ADE4-8442234390C1}.Debug|Any CPU.Build.0 = Debug|Any CPU
		{38082303-B223-45DA-ADE4-8442234390C1}.Release|Any CPU.ActiveCfg = Release|Any CPU
		{38082303-B223-45DA-ADE4-8442234390C1}.Release|Any CPU.Build.0 = Release|Any CPU
		{93BE4F6E-0A2D-4CBD-9ABD-AA38A54B0FD6}.Debug|Any CPU.ActiveCfg = Debug|Any CPU
		{93BE4F6E-0A2D-4CBD-9ABD-AA38A54B0FD6}.Debug|Any CPU.Build.0 = Debug|Any CPU
		{93BE4F6E-0A2D-4CBD-9ABD-AA38A54B0FD6}.Release|Any CPU.ActiveCfg = Release|Any CPU
		{93BE4F6E-0A2D-4CBD-9ABD-AA38A54B0FD6}.Release|Any CPU.Build.0 = Release|Any CPU
		{F7893C22-4464-40AC-89E6-ABB62A499DDA}.Debug|Any CPU.ActiveCfg = Debug|Any CPU
		{F7893C22-4464-40AC-89E6-ABB62A499DDA}.Debug|Any CPU.Build.0 = Debug|Any CPU
		{F7893C22-4464-40AC-89E6-ABB62A499DDA}.Release|Any CPU.ActiveCfg = Release|Any CPU
		{F7893C22-4464-40AC-89E6-ABB62A499DDA}.Release|Any CPU.Build.0 = Release|Any CPU
	EndGlobalSection
	GlobalSection(SolutionProperties) = preSolution
		HideSolutionNode = FALSE
	EndGlobalSection
	GlobalSection(ExtensibilityGlobals) = postSolution
		SolutionGuid = {7ED9E784-8F2E-4733-9A47-1201D111927E}
	EndGlobalSection
EndGlobal
